version = 1
revision = 1
requires-python = ">=3.13"

[[package]]
name = "annotated-types"
version = "0.7.0"
source = { registry = "https://pypi.org/simple" }
sdist = { url = "https://files.pythonhosted.org/packages/ee/67/531ea369ba64dcff5ec9c3402f9f51bf748cec26dde048a2f973a4eea7f5/annotated_types-0.7.0.tar.gz", hash = "sha256:aff07c09a53a08bc8cfccb9c85b05f1aa9a2a6f23728d790723543408344ce89", size = 16081 }
wheels = [
    { url = "https://files.pythonhosted.org/packages/78/b6/6307fbef88d9b5ee7421e68d78a9f162e0da4900bc5f5793f6d3d0e34fb8/annotated_types-0.7.0-py3-none-any.whl", hash = "sha256:1f02e8b43a8fbbc3f3e0d4f0f4bfc8131bcb4eebe8849b8e5c773f3a1c582a53", size = 13643 },
]

[[package]]
name = "anyio"
version = "4.9.0"
source = { registry = "https://pypi.org/simple" }
dependencies = [
    { name = "idna" },
    { name = "sniffio" },
]
sdist = { url = "https://files.pythonhosted.org/packages/95/7d/4c1bd541d4dffa1b52bd83fb8527089e097a106fc90b467a7313b105f840/anyio-4.9.0.tar.gz", hash = "sha256:673c0c244e15788651a4ff38710fea9675823028a6f08a5eda409e0c9840a028", size = 190949 }
wheels = [
    { url = "https://files.pythonhosted.org/packages/a1/ee/48ca1a7c89ffec8b6a0c5d02b89c305671d5ffd8d3c94acf8b8c408575bb/anyio-4.9.0-py3-none-any.whl", hash = "sha256:9f76d541cad6e36af7beb62e978876f3b41e3e04f2c1fbf0884604c0a9c4d93c", size = 100916 },
]

[[package]]
name = "backend"
version = "0.1.0"
source = { virtual = "." }
dependencies = [
    { name = "fastapi" },
    { name = "mangum" },
    { name = "pydantic" },
    { name = "taskipy" },
    { name = "uvicorn" },
]

[package.metadata]
requires-dist = [
    { name = "fastapi", specifier = ">=0.115.12" },
    { name = "mangum", specifier = ">=0.19.0" },
    { name = "pydantic", specifier = ">=2.11.0" },
    { name = "taskipy", specifier = ">=1.14.1" },
    { name = "uvicorn", specifier = ">=0.34.0" },
]

[[package]]
name = "click"
version = "8.1.8"
source = { registry = "https://pypi.org/simple" }
dependencies = [
    { name = "colorama", marker = "sys_platform == 'win32'" },
]
sdist = { url = "https://files.pythonhosted.org/packages/b9/2e/0090cbf739cee7d23781ad4b89a9894a41538e4fcf4c31dcdd705b78eb8b/click-8.1.8.tar.gz", hash = "sha256:ed53c9d8990d83c2a27deae68e4ee337473f6330c040a31d4225c9574d16096a", size = 226593 }
wheels = [
    { url = "https://files.pythonhosted.org/packages/7e/d4/7ebdbd03970677812aac39c869717059dbb71a4cfc033ca6e5221787892c/click-8.1.8-py3-none-any.whl", hash = "sha256:63c132bbbed01578a06712a2d1f497bb62d9c1c0d329b7903a866228027263b2", size = 98188 },
]

[[package]]
name = "colorama"
version = "0.4.6"
source = { registry = "https://pypi.org/simple" }
sdist = { url = "https://files.pythonhosted.org/packages/d8/53/6f443c9a4a8358a93a6792e2acffb9d9d5cb0a5cfd8802644b7b1c9a02e4/colorama-0.4.6.tar.gz", hash = "sha256:08695f5cb7ed6e0531a20572697297273c47b8cae5a63ffc6d6ed5c201be6e44", size = 27697 }
wheels = [
    { url = "https://files.pythonhosted.org/packages/d1/d6/3965ed04c63042e047cb6a3e6ed1a63a35087b6a609aa3a15ed8ac56c221/colorama-0.4.6-py2.py3-none-any.whl", hash = "sha256:4f1d9991f5acc0ca119f9d443620b77f9d6b33703e51011c16baf57afb285fc6", size = 25335 },
]

[[package]]
name = "fastapi"
version = "0.115.12"
source = { registry = "https://pypi.org/simple" }
dependencies = [
    { name = "pydantic" },
    { name = "starlette" },
    { name = "typing-extensions" },
]
sdist = { url = "https://files.pythonhosted.org/packages/f4/55/ae499352d82338331ca1e28c7f4a63bfd09479b16395dce38cf50a39e2c2/fastapi-0.115.12.tar.gz", hash = "sha256:1e2c2a2646905f9e83d32f04a3f86aff4a286669c6c950ca95b5fd68c2602681", size = 295236 }
wheels = [
    { url = "https://files.pythonhosted.org/packages/50/b3/b51f09c2ba432a576fe63758bddc81f78f0c6309d9e5c10d194313bf021e/fastapi-0.115.12-py3-none-any.whl", hash = "sha256:e94613d6c05e27be7ffebdd6ea5f388112e5e430c8f7d6494a9d1d88d43e814d", size = 95164 },
]

[[package]]
name = "h11"
version = "0.14.0"
source = { registry = "https://pypi.org/simple" }
sdist = { url = "https://files.pythonhosted.org/packages/f5/38/3af3d3633a34a3316095b39c8e8fb4853a28a536e55d347bd8d8e9a14b03/h11-0.14.0.tar.gz", hash = "sha256:8f19fbbe99e72420ff35c00b27a34cb9937e902a8b810e2c88300c6f0a3b699d", size = 100418 }
wheels = [
    { url = "https://files.pythonhosted.org/packages/95/04/ff642e65ad6b90db43e668d70ffb6736436c7ce41fcc549f4e9472234127/h11-0.14.0-py3-none-any.whl", hash = "sha256:e3fe4ac4b851c468cc8363d500db52c2ead036020723024a109d37346efaa761", size = 58259 },
]

[[package]]
name = "idna"
version = "3.10"
source = { registry = "https://pypi.org/simple" }
sdist = { url = "https://files.pythonhosted.org/packages/f1/70/7703c29685631f5a7590aa73f1f1d3fa9a380e654b86af429e0934a32f7d/idna-3.10.tar.gz", hash = "sha256:12f65c9b470abda6dc35cf8e63cc574b1c52b11df2c86030af0ac09b01b13ea9", size = 190490 }
wheels = [
    { url = "https://files.pythonhosted.org/packages/76/c6/c88e154df9c4e1a2a66ccf0005a88dfb2650c1dffb6f5ce603dfbd452ce3/idna-3.10-py3-none-any.whl", hash = "sha256:946d195a0d259cbba61165e88e65941f16e9b36ea6ddb97f00452bae8b1287d3", size = 70442 },
]

[[package]]
name = "mangum"
version = "0.19.0"
source = { registry = "https://pypi.org/simple" }
dependencies = [
    { name = "typing-extensions" },
]
sdist = { url = "https://files.pythonhosted.org/packages/97/e0/6ee9bfa27226252a449cba12fc57d3f1c3ce661813377ab33e29245389a4/mangum-0.19.0.tar.gz", hash = "sha256:e388e7c491b7b67970f8234e46fd4a7b21ff87785848f418de08148f71cf0bd6", size = 85792 }
wheels = [
    { url = "https://files.pythonhosted.org/packages/77/ec/dd1cae5f6b1b4a08c01de587b45e889036b2f8c06408621e0cb273909965/mangum-0.19.0-py3-none-any.whl", hash = "sha256:e500b35f495d5e68ac98bc97334896d6101523f2ee2c57ba6a61893b65266e59", size = 17083 },
]

[[package]]
name = "mslex"
version = "1.3.0"
source = { registry = "https://pypi.org/simple" }
sdist = { url = "https://files.pythonhosted.org/packages/e0/97/7022667073c99a0fe028f2e34b9bf76b49a611afd21b02527fbfd92d4cd5/mslex-1.3.0.tar.gz", hash = "sha256:641c887d1d3db610eee2af37a8e5abda3f70b3006cdfd2d0d29dc0d1ae28a85d", size = 11583 }
wheels = [
    { url = "https://files.pythonhosted.org/packages/64/f2/66bd65ca0139675a0d7b18f0bada6e12b51a984e41a76dbe44761bf1b3ee/mslex-1.3.0-py3-none-any.whl", hash = "sha256:c7074b347201b3466fc077c5692fbce9b5f62a63a51f537a53fbbd02eff2eea4", size = 7820 },
]

[[package]]
name = "psutil"
version = "6.1.1"
source = { registry = "https://pypi.org/simple" }
sdist = { url = "https://files.pythonhosted.org/packages/1f/5a/07871137bb752428aa4b659f910b399ba6f291156bdea939be3e96cae7cb/psutil-6.1.1.tar.gz", hash = "sha256:cf8496728c18f2d0b45198f06895be52f36611711746b7f30c464b422b50e2f5", size = 508502 }
wheels = [
    { url = "https://files.pythonhosted.org/packages/61/99/ca79d302be46f7bdd8321089762dd4476ee725fce16fc2b2e1dbba8cac17/psutil-6.1.1-cp36-abi3-macosx_10_9_x86_64.whl", hash = "sha256:fc0ed7fe2231a444fc219b9c42d0376e0a9a1a72f16c5cfa0f68d19f1a0663e8", size = 247511 },
    { url = "https://files.pythonhosted.org/packages/0b/6b/73dbde0dd38f3782905d4587049b9be64d76671042fdcaf60e2430c6796d/psutil-6.1.1-cp36-abi3-macosx_11_0_arm64.whl", hash = "sha256:0bdd4eab935276290ad3cb718e9809412895ca6b5b334f5a9111ee6d9aff9377", size = 248985 },
    { url = "https://files.pythonhosted.org/packages/17/38/c319d31a1d3f88c5b79c68b3116c129e5133f1822157dd6da34043e32ed6/psutil-6.1.1-cp36-abi3-manylinux_2_12_i686.manylinux2010_i686.manylinux_2_17_i686.manylinux2014_i686.whl", hash = "sha256:b6e06c20c05fe95a3d7302d74e7097756d4ba1247975ad6905441ae1b5b66003", size = 284488 },
    { url = "https://files.pythonhosted.org/packages/9c/39/0f88a830a1c8a3aba27fededc642da37613c57cbff143412e3536f89784f/psutil-6.1.1-cp36-abi3-manylinux_2_12_x86_64.manylinux2010_x86_64.manylinux_2_17_x86_64.manylinux2014_x86_64.whl", hash = "sha256:97f7cb9921fbec4904f522d972f0c0e1f4fabbdd4e0287813b21215074a0f160", size = 287477 },
    { url = "https://files.pythonhosted.org/packages/47/da/99f4345d4ddf2845cb5b5bd0d93d554e84542d116934fde07a0c50bd4e9f/psutil-6.1.1-cp36-abi3-manylinux_2_17_aarch64.manylinux2014_aarch64.whl", hash = "sha256:33431e84fee02bc84ea36d9e2c4a6d395d479c9dd9bba2376c1f6ee8f3a4e0b3", size = 289017 },
    { url = "https://files.pythonhosted.org/packages/38/53/bd755c2896f4461fd4f36fa6a6dcb66a88a9e4b9fd4e5b66a77cf9d4a584/psutil-6.1.1-cp37-abi3-win32.whl", hash = "sha256:eaa912e0b11848c4d9279a93d7e2783df352b082f40111e078388701fd479e53", size = 250602 },
    { url = "https://files.pythonhosted.org/packages/7b/d7/7831438e6c3ebbfa6e01a927127a6cb42ad3ab844247f3c5b96bea25d73d/psutil-6.1.1-cp37-abi3-win_amd64.whl", hash = "sha256:f35cfccb065fff93529d2afb4a2e89e363fe63ca1e4a5da22b603a85833c2649", size = 254444 },
]

[[package]]
name = "pydantic"
version = "2.11.0"
source = { registry = "https://pypi.org/simple" }
dependencies = [
    { name = "annotated-types" },
    { name = "pydantic-core" },
    { name = "typing-extensions" },
    { name = "typing-inspection" },
]
sdist = { url = "https://files.pythonhosted.org/packages/82/2a/4ba34614269b1e12a28b9fe54710983f5c3679f945797e86250c6269263f/pydantic-2.11.0.tar.gz", hash = "sha256:d6a287cd6037dee72f0597229256dfa246c4d61567a250e99f86b7b4626e2f41", size = 782184 }
wheels = [
    { url = "https://files.pythonhosted.org/packages/09/2c/3a0a1b022bb028e4cd455c69a17ceaad809bf6763c110d093efc0d8f67aa/pydantic-2.11.0-py3-none-any.whl", hash = "sha256:d52535bb7aba33c2af820eaefd866f3322daf39319d03374921cd17fbbdf28f9", size = 442591 },
]

[[package]]
name = "pydantic-core"
version = "2.33.0"
source = { registry = "https://pypi.org/simple" }
dependencies = [
    { name = "typing-extensions" },
]
sdist = { url = "https://files.pythonhosted.org/packages/b9/05/91ce14dfd5a3a99555fce436318cc0fd1f08c4daa32b3248ad63669ea8b4/pydantic_core-2.33.0.tar.gz", hash = "sha256:40eb8af662ba409c3cbf4a8150ad32ae73514cd7cb1f1a2113af39763dd616b3", size = 434080 }
wheels = [
    { url = "https://files.pythonhosted.org/packages/79/20/de2ad03ce8f5b3accf2196ea9b44f31b0cd16ac6e8cfc6b21976ed45ec35/pydantic_core-2.33.0-cp313-cp313-macosx_10_12_x86_64.whl", hash = "sha256:f00e8b59e1fc8f09d05594aa7d2b726f1b277ca6155fc84c0396db1b373c4555", size = 2032214 },
    { url = "https://files.pythonhosted.org/packages/f9/af/6817dfda9aac4958d8b516cbb94af507eb171c997ea66453d4d162ae8948/pydantic_core-2.33.0-cp313-cp313-macosx_11_0_arm64.whl", hash = "sha256:1a73be93ecef45786d7d95b0c5e9b294faf35629d03d5b145b09b81258c7cd6d", size = 1852338 },
    { url = "https://files.pythonhosted.org/packages/44/f3/49193a312d9c49314f2b953fb55740b7c530710977cabe7183b8ef111b7f/pydantic_core-2.33.0-cp313-cp313-manylinux_2_17_aarch64.manylinux2014_aarch64.whl", hash = "sha256:ff48a55be9da6930254565ff5238d71d5e9cd8c5487a191cb85df3bdb8c77365", size = 1896913 },
    { url = "https://files.pythonhosted.org/packages/06/e0/c746677825b2e29a2fa02122a8991c83cdd5b4c5f638f0664d4e35edd4b2/pydantic_core-2.33.0-cp313-cp313-manylinux_2_17_armv7l.manylinux2014_armv7l.whl", hash = "sha256:26a4ea04195638dcd8c53dadb545d70badba51735b1594810e9768c2c0b4a5da", size = 1986046 },
    { url = "https://files.pythonhosted.org/packages/11/ec/44914e7ff78cef16afb5e5273d480c136725acd73d894affdbe2a1bbaad5/pydantic_core-2.33.0-cp313-cp313-manylinux_2_17_ppc64le.manylinux2014_ppc64le.whl", hash = "sha256:41d698dcbe12b60661f0632b543dbb119e6ba088103b364ff65e951610cb7ce0", size = 2128097 },
    { url = "https://files.pythonhosted.org/packages/fe/f5/c6247d424d01f605ed2e3802f338691cae17137cee6484dce9f1ac0b872b/pydantic_core-2.33.0-cp313-cp313-manylinux_2_17_s390x.manylinux2014_s390x.whl", hash = "sha256:ae62032ef513fe6281ef0009e30838a01057b832dc265da32c10469622613885", size = 2681062 },
    { url = "https://files.pythonhosted.org/packages/f0/85/114a2113b126fdd7cf9a9443b1b1fe1b572e5bd259d50ba9d5d3e1927fa9/pydantic_core-2.33.0-cp313-cp313-manylinux_2_17_x86_64.manylinux2014_x86_64.whl", hash = "sha256:f225f3a3995dbbc26affc191d0443c6c4aa71b83358fd4c2b7d63e2f6f0336f9", size = 2007487 },
    { url = "https://files.pythonhosted.org/packages/e6/40/3c05ed28d225c7a9acd2b34c5c8010c279683a870219b97e9f164a5a8af0/pydantic_core-2.33.0-cp313-cp313-manylinux_2_5_i686.manylinux1_i686.whl", hash = "sha256:5bdd36b362f419c78d09630cbaebc64913f66f62bda6d42d5fbb08da8cc4f181", size = 2121382 },
    { url = "https://files.pythonhosted.org/packages/8a/22/e70c086f41eebd323e6baa92cc906c3f38ddce7486007eb2bdb3b11c8f64/pydantic_core-2.33.0-cp313-cp313-musllinux_1_1_aarch64.whl", hash = "sha256:2a0147c0bef783fd9abc9f016d66edb6cac466dc54a17ec5f5ada08ff65caf5d", size = 2072473 },
    { url = "https://files.pythonhosted.org/packages/3e/84/d1614dedd8fe5114f6a0e348bcd1535f97d76c038d6102f271433cd1361d/pydantic_core-2.33.0-cp313-cp313-musllinux_1_1_armv7l.whl", hash = "sha256:c860773a0f205926172c6644c394e02c25421dc9a456deff16f64c0e299487d3", size = 2249468 },
    { url = "https://files.pythonhosted.org/packages/b0/c0/787061eef44135e00fddb4b56b387a06c303bfd3884a6df9bea5cb730230/pydantic_core-2.33.0-cp313-cp313-musllinux_1_1_x86_64.whl", hash = "sha256:138d31e3f90087f42aa6286fb640f3c7a8eb7bdae829418265e7e7474bd2574b", size = 2254716 },
    { url = "https://files.pythonhosted.org/packages/ae/e2/27262eb04963201e89f9c280f1e10c493a7a37bc877e023f31aa72d2f911/pydantic_core-2.33.0-cp313-cp313-win32.whl", hash = "sha256:d20cbb9d3e95114325780f3cfe990f3ecae24de7a2d75f978783878cce2ad585", size = 1916450 },
    { url = "https://files.pythonhosted.org/packages/13/8d/25ff96f1e89b19e0b70b3cd607c9ea7ca27e1dcb810a9cd4255ed6abf869/pydantic_core-2.33.0-cp313-cp313-win_amd64.whl", hash = "sha256:ca1103d70306489e3d006b0f79db8ca5dd3c977f6f13b2c59ff745249431a606", size = 1956092 },
    { url = "https://files.pythonhosted.org/packages/1b/64/66a2efeff657b04323ffcd7b898cb0354d36dae3a561049e092134a83e9c/pydantic_core-2.33.0-cp313-cp313-win_arm64.whl", hash = "sha256:6291797cad239285275558e0a27872da735b05c75d5237bbade8736f80e4c225", size = 1908367 },
    { url = "https://files.pythonhosted.org/packages/52/54/295e38769133363d7ec4a5863a4d579f331728c71a6644ff1024ee529315/pydantic_core-2.33.0-cp313-cp313t-macosx_11_0_arm64.whl", hash = "sha256:7b79af799630af263eca9ec87db519426d8c9b3be35016eddad1832bac812d87", size = 1813331 },
    { url = "https://files.pythonhosted.org/packages/4c/9c/0c8ea02db8d682aa1ef48938abae833c1d69bdfa6e5ec13b21734b01ae70/pydantic_core-2.33.0-cp313-cp313t-manylinux_2_17_x86_64.manylinux2014_x86_64.whl", hash = "sha256:eabf946a4739b5237f4f56d77fa6668263bc466d06a8036c055587c130a46f7b", size = 1986653 },
    { url = "https://files.pythonhosted.org/packages/8e/4f/3fb47d6cbc08c7e00f92300e64ba655428c05c56b8ab6723bd290bae6458/pydantic_core-2.33.0-cp313-cp313t-win_amd64.whl", hash = "sha256:8a1d581e8cdbb857b0e0e81df98603376c1a5c34dc5e54039dcc00f043df81e7", size = 1931234 },
]

[[package]]
name = "sniffio"
version = "1.3.1"
source = { registry = "https://pypi.org/simple" }
sdist = { url = "https://files.pythonhosted.org/packages/a2/87/a6771e1546d97e7e041b6ae58d80074f81b7d5121207425c964ddf5cfdbd/sniffio-1.3.1.tar.gz", hash = "sha256:f4324edc670a0f49750a81b895f35c3adb843cca46f0530f79fc1babb23789dc", size = 20372 }
wheels = [
    { url = "https://files.pythonhosted.org/packages/e9/44/75a9c9421471a6c4805dbf2356f7c181a29c1879239abab1ea2cc8f38b40/sniffio-1.3.1-py3-none-any.whl", hash = "sha256:2f6da418d1f1e0fddd844478f41680e794e6051915791a034ff65e5f100525a2", size = 10235 },
]

[[package]]
name = "starlette"
version = "0.46.1"
source = { registry = "https://pypi.org/simple" }
dependencies = [
    { name = "anyio" },
]
sdist = { url = "https://files.pythonhosted.org/packages/04/1b/52b27f2e13ceedc79a908e29eac426a63465a1a01248e5f24aa36a62aeb3/starlette-0.46.1.tar.gz", hash = "sha256:3c88d58ee4bd1bb807c0d1acb381838afc7752f9ddaec81bbe4383611d833230", size = 2580102 }
wheels = [
    { url = "https://files.pythonhosted.org/packages/a0/4b/528ccf7a982216885a1ff4908e886b8fb5f19862d1962f56a3fce2435a70/starlette-0.46.1-py3-none-any.whl", hash = "sha256:77c74ed9d2720138b25875133f3a2dae6d854af2ec37dceb56aef370c1d8a227", size = 71995 },
]

[[package]]
name = "taskipy"
version = "1.14.1"
source = { registry = "https://pypi.org/simple" }
dependencies = [
    { name = "colorama" },
    { name = "mslex", marker = "sys_platform == 'win32'" },
    { name = "psutil" },
    { name = "tomli", marker = "python_full_version < '4.0'" },
]
sdist = { url = "https://files.pythonhosted.org/packages/c7/44/572261df3db9c6c3332f8618fafeb07a578fd18b06673c73f000f3586749/taskipy-1.14.1.tar.gz", hash = "sha256:410fbcf89692dfd4b9f39c2b49e1750b0a7b81affd0e2d7ea8c35f9d6a4774ed", size = 14475 }
wheels = [
    { url = "https://files.pythonhosted.org/packages/55/97/4e4cfb1391c81e926bebe3d68d5231b5dbc3bb41c6ba48349e68a881462d/taskipy-1.14.1-py3-none-any.whl", hash = "sha256:6e361520f29a0fd2159848e953599f9c75b1d0b047461e4965069caeb94908f1", size = 13052 },
]

[[package]]
name = "tomli"
version = "2.2.1"
source = { registry = "https://pypi.org/simple" }
sdist = { url = "https://files.pythonhosted.org/packages/18/87/302344fed471e44a87289cf4967697d07e532f2421fdaf868a303cbae4ff/tomli-2.2.1.tar.gz", hash = "sha256:cd45e1dc79c835ce60f7404ec8119f2eb06d38b1deba146f07ced3bbc44505ff", size = 17175 }
wheels = [
    { url = "https://files.pythonhosted.org/packages/04/90/2ee5f2e0362cb8a0b6499dc44f4d7d48f8fff06d28ba46e6f1eaa61a1388/tomli-2.2.1-cp313-cp313-macosx_10_13_x86_64.whl", hash = "sha256:f4039b9cbc3048b2416cc57ab3bda989a6fcf9b36cf8937f01a6e731b64f80d7", size = 132708 },
    { url = "https://files.pythonhosted.org/packages/c0/ec/46b4108816de6b385141f082ba99e315501ccd0a2ea23db4a100dd3990ea/tomli-2.2.1-cp313-cp313-macosx_11_0_arm64.whl", hash = "sha256:286f0ca2ffeeb5b9bd4fcc8d6c330534323ec51b2f52da063b11c502da16f30c", size = 123582 },
    { url = "https://files.pythonhosted.org/packages/a0/bd/b470466d0137b37b68d24556c38a0cc819e8febe392d5b199dcd7f578365/tomli-2.2.1-cp313-cp313-manylinux_2_17_aarch64.manylinux2014_aarch64.whl", hash = "sha256:a92ef1a44547e894e2a17d24e7557a5e85a9e1d0048b0b5e7541f76c5032cb13", size = 232543 },
    { url = "https://files.pythonhosted.org/packages/d9/e5/82e80ff3b751373f7cead2815bcbe2d51c895b3c990686741a8e56ec42ab/tomli-2.2.1-cp313-cp313-manylinux_2_17_x86_64.manylinux2014_x86_64.whl", hash = "sha256:9316dc65bed1684c9a98ee68759ceaed29d229e985297003e494aa825ebb0281", size = 241691 },
    { url = "https://files.pythonhosted.org/packages/05/7e/2a110bc2713557d6a1bfb06af23dd01e7dde52b6ee7dadc589868f9abfac/tomli-2.2.1-cp313-cp313-manylinux_2_5_i686.manylinux1_i686.manylinux_2_17_i686.manylinux2014_i686.whl", hash = "sha256:e85e99945e688e32d5a35c1ff38ed0b3f41f43fad8df0bdf79f72b2ba7bc5272", size = 251170 },
    { url = "https://files.pythonhosted.org/packages/64/7b/22d713946efe00e0adbcdfd6d1aa119ae03fd0b60ebed51ebb3fa9f5a2e5/tomli-2.2.1-cp313-cp313-musllinux_1_2_aarch64.whl", hash = "sha256:ac065718db92ca818f8d6141b5f66369833d4a80a9d74435a268c52bdfa73140", size = 236530 },
    { url = "https://files.pythonhosted.org/packages/38/31/3a76f67da4b0cf37b742ca76beaf819dca0ebef26d78fc794a576e08accf/tomli-2.2.1-cp313-cp313-musllinux_1_2_i686.whl", hash = "sha256:d920f33822747519673ee656a4b6ac33e382eca9d331c87770faa3eef562aeb2", size = 258666 },
    { url = "https://files.pythonhosted.org/packages/07/10/5af1293da642aded87e8a988753945d0cf7e00a9452d3911dd3bb354c9e2/tomli-2.2.1-cp313-cp313-musllinux_1_2_x86_64.whl", hash = "sha256:a198f10c4d1b1375d7687bc25294306e551bf1abfa4eace6650070a5c1ae2744", size = 243954 },
    { url = "https://files.pythonhosted.org/packages/5b/b9/1ed31d167be802da0fc95020d04cd27b7d7065cc6fbefdd2f9186f60d7bd/tomli-2.2.1-cp313-cp313-win32.whl", hash = "sha256:d3f5614314d758649ab2ab3a62d4f2004c825922f9e370b29416484086b264ec", size = 98724 },
    { url = "https://files.pythonhosted.org/packages/c7/32/b0963458706accd9afcfeb867c0f9175a741bf7b19cd424230714d722198/tomli-2.2.1-cp313-cp313-win_amd64.whl", hash = "sha256:a38aa0308e754b0e3c67e344754dff64999ff9b513e691d0e786265c93583c69", size = 109383 },
    { url = "https://files.pythonhosted.org/packages/6e/c2/61d3e0f47e2b74ef40a68b9e6ad5984f6241a942f7cd3bbfbdbd03861ea9/tomli-2.2.1-py3-none-any.whl", hash = "sha256:cb55c73c5f4408779d0cf3eef9f762b9c9f147a77de7b258bef0a5628adc85cc", size = 14257 },
]

[[package]]
name = "typing-extensions"
version = "4.13.0"
source = { registry = "https://pypi.org/simple" }
sdist = { url = "https://files.pythonhosted.org/packages/0e/3e/b00a62db91a83fff600de219b6ea9908e6918664899a2d85db222f4fbf19/typing_extensions-4.13.0.tar.gz", hash = "sha256:0a4ac55a5820789d87e297727d229866c9650f6521b64206413c4fbada24d95b", size = 106520 }
wheels = [
    { url = "https://files.pythonhosted.org/packages/e0/86/39b65d676ec5732de17b7e3c476e45bb80ec64eb50737a8dce1a4178aba1/typing_extensions-4.13.0-py3-none-any.whl", hash = "sha256:c8dd92cc0d6425a97c18fbb9d1954e5ff92c1ca881a309c45f06ebc0b79058e5", size = 45683 },
]

[[package]]
name = "typing-inspection"
version = "0.4.0"
source = { registry = "https://pypi.org/simple" }
dependencies = [
    { name = "typing-extensions" },
]
sdist = { url = "https://files.pythonhosted.org/packages/82/5c/e6082df02e215b846b4b8c0b887a64d7d08ffaba30605502639d44c06b82/typing_inspection-0.4.0.tar.gz", hash = "sha256:9765c87de36671694a67904bf2c96e395be9c6439bb6c87b5142569dcdd65122", size = 76222 }
wheels = [
    { url = "https://files.pythonhosted.org/packages/31/08/aa4fdfb71f7de5176385bd9e90852eaf6b5d622735020ad600f2bab54385/typing_inspection-0.4.0-py3-none-any.whl", hash = "sha256:50e72559fcd2a6367a19f7a7e610e6afcb9fac940c650290eed893d61386832f", size = 14125 },
]

[[package]]
name = "uvicorn"
version = "0.34.0"
source = { registry = "https://pypi.org/simple" }
dependencies = [
    { name = "click" },
    { name = "h11" },
]
sdist = { url = "https://files.pythonhosted.org/packages/4b/4d/938bd85e5bf2edeec766267a5015ad969730bb91e31b44021dfe8b22df6c/uvicorn-0.34.0.tar.gz", hash = "sha256:404051050cd7e905de2c9a7e61790943440b3416f49cb409f965d9dcd0fa73e9", size = 76568 }
wheels = [
    { url = "https://files.pythonhosted.org/packages/61/14/33a3a1352cfa71812a3a21e8c9bfb83f60b0011f5e36f2b1399d51928209/uvicorn-0.34.0-py3-none-any.whl", hash = "sha256:023dc038422502fa28a09c7a30bf2b6991512da7dcdb8fd35fe57cfc154126f4", size = 62315 },
]
